dependencies:
- name: event-dispatcher
  repository: file://../../event-dispatcher/deploy/chart
  version: 1.0.0-SNAPSHOT
- name: platform-gateway
  repository: file://../../platform-gateway/deploy/chart
  version: 1.0.0-SNAPSHOT
- name: event-dispatcher-topic-provisioner
  repository: file://../../event-dispatcher-topic-provisioner/deploy/chart
  version: 1.0.0-SNAPSHOT
digest: sha256:7b2429b4beb3332c85da4adcdf35bdfbbe88c1c5274b2e192083f832b6bba8bc
generated: "2026-05-03T06:49:44.1031139+07:00"
