dependencies:
- name: event-dispatcher
  repository: file://../../event-dispatcher/deploy/chart
  version: 1.0.0-SNAPSHOT
- name: platform-gateway
  repository: file://../../platform-gateway/deploy/chart
  version: 1.0.0-SNAPSHOT
- name: event-dispatcher-topic-provisioner
  repository: file://../../event-dispatcher-topic-provisioner/deploy/chart
  version: 1.0.0-SNAPSHOT
- name: persistent-storage
  repository: file://../../persistent-storage/deploy/chart
  version: 1.0.0-SNAPSHOT
digest: sha256:40138cd22f6ebaefbffa9372c9d8e0420f2a7251656d4b13c2d08998d7a1b7eb
generated: "2026-05-08T18:28:29.909082116+07:00"
